
Microsoft Visual Studio Solution File, Format Version 11.00
# Visual Studio 2010
Project("{FAE04EC0-301F-11D3-BF4B-00C04F79EFBC}") = "WordCount", "WordCount\WordCount.csproj", "{CB8585B4-B098-44B7-AF81-31621525CF05}"
EndProject
Global
	GlobalSection(SolutionConfigurationPlatforms) = preSolution
		Debug|x86 = Debug|x86
		Release|x86 = Release|x86
	EndGlobalSection
	GlobalSection(ProjectConfigurationPlatforms) = postSolution
		{CB8585B4-B098-44B7-AF81-31621525CF05}.Debug|x86.ActiveCfg = Debug|x86
		{CB8585B4-B098-44B7-AF81-31621525CF05}.Debug|x86.Build.0 = Debug|x86
		{CB8585B4-B098-44B7-AF81-31621525CF05}.Release|x86.ActiveCfg = Release|x86
		{CB8585B4-B098-44B7-AF81-31621525CF05}.Release|x86.Build.0 = Release|x86
	EndGlobalSection
	GlobalSection(SolutionProperties) = preSolution
		HideSolutionNode = FALSE
	EndGlobalSection
EndGlobal
